
Microsoft Visual Studio Solution File, Format Version 12.00
# Visual Studio Version 17
VisualStudioVersion = 17.14.36202.13 d17.14
MinimumVisualStudioVersion = 10.0.40219.1
Project("{2150E333-8FDC-42A3-9474-1A3956D46DE8}") = "Gateway", "Gateway", "{02EA681E-C7D8-13C7-8484-4AC65E1B71E8}"
EndProject
Project("{FAE04EC0-301F-11D3-BF4B-00C04F79EFBC}") = "MiddlewareCollection.Gateway.API", "MiddlewareCollection.Gateway.API\MiddlewareCollection.Gateway.API.csproj", "{5B2D8A24-CBDE-411B-876F-D63812230F55}"
EndProject
Global
	GlobalSection(SolutionConfigurationPlatforms) = preSolution
		Debug|Any CPU = Debug|Any CPU
		Release|Any CPU = Release|Any CPU
	EndGlobalSection
	GlobalSection(ProjectConfigurationPlatforms) = postSolution
		{5B2D8A24-CBDE-411B-876F-D63812230F55}.Debug|Any CPU.ActiveCfg = Debug|Any CPU
		{5B2D8A24-CBDE-411B-876F-D63812230F55}.Debug|Any CPU.Build.0 = Debug|Any CPU
		{5B2D8A24-CBDE-411B-876F-D63812230F55}.Release|Any CPU.ActiveCfg = Release|Any CPU
		{5B2D8A24-CBDE-411B-876F-D63812230F55}.Release|Any CPU.Build.0 = Release|Any CPU
	EndGlobalSection
	GlobalSection(SolutionProperties) = preSolution
		HideSolutionNode = FALSE
	EndGlobalSection
	GlobalSection(NestedProjects) = preSolution
		{5B2D8A24-CBDE-411B-876F-D63812230F55} = {02EA681E-C7D8-13C7-8484-4AC65E1B71E8}
	EndGlobalSection
	GlobalSection(ExtensibilityGlobals) = postSolution
		SolutionGuid = {9250FF90-3CE0-48D1-A0FA-244CC9C572F3}
	EndGlobalSection
EndGlobal
